// !$*UTF8*$!
{
	archiveVersion = 1;
	classes = {
	};
	objectVersion = 46;
	objects = {

/* Begin PBXBuildFile section */
		3EDEE42B1AF2388C0092D6F7 /* main.m in Sources */ = {isa = PBXBuildFile; fileRef = 3EDEE42A1AF2388C0092D6F7 /* main.m */; };
		3EDEE42E1AF2388C0092D6F7 /* IPAppDelegate.m in Sources */ = {isa = PBXBuildFile; fileRef = 3EDEE42D1AF2388C0092D6F7 /* IPAppDelegate.m */; };
		3EDEE4361AF2388C0092D6F7 /* Images.xcassets in Resources */ = {isa = PBXBuildFile; fileRef = 3EDEE4351AF2388C0092D6F7 /* Images.xcassets */; };
		3EDEE4391AF2388C0092D6F7 /* LaunchScreen.xib in Resources */ = {isa = PBXBuildFile; fileRef = 3EDEE4371AF2388C0092D6F7 /* LaunchScreen.xib */; };
		3EDEE4451AF2388C0092D6F7 /* ios_phoneTests.m in Sources */ = {isa = PBXBuildFile; fileRef = 3EDEE4441AF2388C0092D6F7 /* ios_phoneTests.m */; };
		3EDEE4581AF25AB30092D6F7 /* IPFavoritesTableViewController.m in Sources */ = {isa = PBXBuildFile; fileRef = 3EDEE4561AF25AB30092D6F7 /* IPFavoritesTableViewController.m */; };
		3EDEE4591AF25AB30092D6F7 /* IPFavoritesTableViewController.xib in Resources */ = {isa = PBXBuildFile; fileRef = 3EDEE4571AF25AB30092D6F7 /* IPFavoritesTableViewController.xib */; };
		3EDEE45F1AF25D430092D6F7 /* IPCallsTableViewController.m in Sources */ = {isa = PBXBuildFile; fileRef = 3EDEE45D1AF25D430092D6F7 /* IPCallsTableViewController.m */; };
		3EDEE4601AF25D430092D6F7 /* IPCallsTableViewController.xib in Resources */ = {isa = PBXBuildFile; fileRef = 3EDEE45E1AF25D430092D6F7 /* IPCallsTableViewController.xib */; };
		3EDEE4641AF2613B0092D6F7 /* IPFavoritesNavigationController.m in Sources */ = {isa = PBXBuildFile; fileRef = 3EDEE4631AF2613B0092D6F7 /* IPFavoritesNavigationController.m */; };
		3EDEE4671AF261720092D6F7 /* IPCallsNavigationController.m in Sources */ = {isa = PBXBuildFile; fileRef = 3EDEE4661AF261720092D6F7 /* IPCallsNavigationController.m */; };
		3EDEE46B1AF262A60092D6F7 /* IPContactsTableViewController.m in Sources */ = {isa = PBXBuildFile; fileRef = 3EDEE4691AF262A60092D6F7 /* IPContactsTableViewController.m */; };
		3EDEE46C1AF262A60092D6F7 /* IPContactsTableViewController.xib in Resources */ = {isa = PBXBuildFile; fileRef = 3EDEE46A1AF262A60092D6F7 /* IPContactsTableViewController.xib */; };
		3EDEE46F1AF264310092D6F7 /* IPContactsNavigationController.m in Sources */ = {isa = PBXBuildFile; fileRef = 3EDEE46E1AF264310092D6F7 /* IPContactsNavigationController.m */; };
		3EDEE4731AF265720092D6F7 /* IPDialerViewController.m in Sources */ = {isa = PBXBuildFile; fileRef = 3EDEE4711AF265720092D6F7 /* IPDialerViewController.m */; };
		3EDEE4741AF265720092D6F7 /* IPDialerViewController.xib in Resources */ = {isa = PBXBuildFile; fileRef = 3EDEE4721AF265720092D6F7 /* IPDialerViewController.xib */; };
		3EDEE4761AF274390092D6F7 /* CoreData.framework in Frameworks */ = {isa = PBXBuildFile; fileRef = 3EDEE4751AF274390092D6F7 /* CoreData.framework */; };
		3EDEE4791AF276920092D6F7 /* AppModel.xcdatamodeld in Sources */ = {isa = PBXBuildFile; fileRef = 3EDEE4771AF276920092D6F7 /* AppModel.xcdatamodeld */; };
		3EDEE47C1AF27F660092D6F7 /* IPContact.m in Sources */ = {isa = PBXBuildFile; fileRef = 3EDEE47B1AF27F660092D6F7 /* IPContact.m */; };
		3EDEE47F1AF27F840092D6F7 /* IPCall.m in Sources */ = {isa = PBXBuildFile; fileRef = 3EDEE47E1AF27F840092D6F7 /* IPCall.m */; };
/* End PBXBuildFile section */

/* Begin PBXContainerItemProxy section */
		3EDEE43F1AF2388C0092D6F7 /* PBXContainerItemProxy */ = {
			isa = PBXContainerItemProxy;
			containerPortal = 3EDEE41D1AF2388C0092D6F7 /* Project object */;
			proxyType = 1;
			remoteGlobalIDString = 3EDEE4241AF2388C0092D6F7;
			remoteInfo = "ios-phone";
		};
/* End PBXContainerItemProxy section */

/* Begin PBXFileReference section */
		3EDEE4251AF2388C0092D6F7 /* ios-phone.app */ = {isa = PBXFileReference; explicitFileType = wrapper.application; includeInIndex = 0; path = "ios-phone.app"; sourceTree = BUILT_PRODUCTS_DIR; };
		3EDEE4291AF2388C0092D6F7 /* Info.plist */ = {isa = PBXFileReference; lastKnownFileType = text.plist.xml; path = Info.plist; sourceTree = "<group>"; };
		3EDEE42A1AF2388C0092D6F7 /* main.m */ = {isa = PBXFileReference; lastKnownFileType = sourcecode.c.objc; path = main.m; sourceTree = "<group>"; };
		3EDEE42C1AF2388C0092D6F7 /* IPAppDelegate.h */ = {isa = PBXFileReference; lastKnownFileType = sourcecode.c.h; path = IPAppDelegate.h; sourceTree = "<group>"; };
		3EDEE42D1AF2388C0092D6F7 /* IPAppDelegate.m */ = {isa = PBXFileReference; lastKnownFileType = sourcecode.c.objc; path = IPAppDelegate.m; sourceTree = "<group>"; };
		3EDEE4351AF2388C0092D6F7 /* Images.xcassets */ = {isa = PBXFileReference; lastKnownFileType = folder.assetcatalog; path = Images.xcassets; sourceTree = "<group>"; };
		3EDEE4381AF2388C0092D6F7 /* Base */ = {isa = PBXFileReference; lastKnownFileType = file.xib; name = Base; path = Base.lproj/LaunchScreen.xib; sourceTree = "<group>"; };
		3EDEE43E1AF2388C0092D6F7 /* ios-phoneTests.xctest */ = {isa = PBXFileReference; explicitFileType = wrapper.cfbundle; includeInIndex = 0; path = "ios-phoneTests.xctest"; sourceTree = BUILT_PRODUCTS_DIR; };
		3EDEE4431AF2388C0092D6F7 /* Info.plist */ = {isa = PBXFileReference; lastKnownFileType = text.plist.xml; path = Info.plist; sourceTree = "<group>"; };
		3EDEE4441AF2388C0092D6F7 /* ios_phoneTests.m */ = {isa = PBXFileReference; lastKnownFileType = sourcecode.c.objc; path = ios_phoneTests.m; sourceTree = "<group>"; };
		3EDEE4551AF25AB30092D6F7 /* IPFavoritesTableViewController.h */ = {isa = PBXFileReference; fileEncoding = 4; lastKnownFileType = sourcecode.c.h; path = IPFavoritesTableViewController.h; sourceTree = "<group>"; };
		3EDEE4561AF25AB30092D6F7 /* IPFavoritesTableViewController.m */ = {isa = PBXFileReference; fileEncoding = 4; lastKnownFileType = sourcecode.c.objc; path = IPFavoritesTableViewController.m; sourceTree = "<group>"; };
		3EDEE4571AF25AB30092D6F7 /* IPFavoritesTableViewController.xib */ = {isa = PBXFileReference; fileEncoding = 4; lastKnownFileType = file.xib; path = IPFavoritesTableViewController.xib; sourceTree = "<group>"; };
		3EDEE45C1AF25D430092D6F7 /* IPCallsTableViewController.h */ = {isa = PBXFileReference; fileEncoding = 4; lastKnownFileType = sourcecode.c.h; path = IPCallsTableViewController.h; sourceTree = "<group>"; };
		3EDEE45D1AF25D430092D6F7 /* IPCallsTableViewController.m */ = {isa = PBXFileReference; fileEncoding = 4; lastKnownFileType = sourcecode.c.objc; path = IPCallsTableViewController.m; sourceTree = "<group>"; };
		3EDEE45E1AF25D430092D6F7 /* IPCallsTableViewController.xib */ = {isa = PBXFileReference; fileEncoding = 4; lastKnownFileType = file.xib; path = IPCallsTableViewController.xib; sourceTree = "<group>"; };
		3EDEE4621AF2613B0092D6F7 /* IPFavoritesNavigationController.h */ = {isa = PBXFileReference; fileEncoding = 4; lastKnownFileType = sourcecode.c.h; path = IPFavoritesNavigationController.h; sourceTree = "<group>"; };
		3EDEE4631AF2613B0092D6F7 /* IPFavoritesNavigationController.m */ = {isa = PBXFileReference; fileEncoding = 4; lastKnownFileType = sourcecode.c.objc; path = IPFavoritesNavigationController.m; sourceTree = "<group>"; };
		3EDEE4651AF261720092D6F7 /* IPCallsNavigationController.h */ = {isa = PBXFileReference; fileEncoding = 4; lastKnownFileType = sourcecode.c.h; path = IPCallsNavigationController.h; sourceTree = "<group>"; };
		3EDEE4661AF261720092D6F7 /* IPCallsNavigationController.m */ = {isa = PBXFileReference; fileEncoding = 4; lastKnownFileType = sourcecode.c.objc; path = IPCallsNavigationController.m; sourceTree = "<group>"; };
		3EDEE4681AF262A60092D6F7 /* IPContactsTableViewController.h */ = {isa = PBXFileReference; fileEncoding = 4; lastKnownFileType = sourcecode.c.h; path = IPContactsTableViewController.h; sourceTree = "<group>"; };
		3EDEE4691AF262A60092D6F7 /* IPContactsTableViewController.m */ = {isa = PBXFileReference; fileEncoding = 4; lastKnownFileType = sourcecode.c.objc; path = IPContactsTableViewController.m; sourceTree = "<group>"; };
		3EDEE46A1AF262A60092D6F7 /* IPContactsTableViewController.xib */ = {isa = PBXFileReference; fileEncoding = 4; lastKnownFileType = file.xib; path = IPContactsTableViewController.xib; sourceTree = "<group>"; };
		3EDEE46D1AF264310092D6F7 /* IPContactsNavigationController.h */ = {isa = PBXFileReference; fileEncoding = 4; lastKnownFileType = sourcecode.c.h; path = IPContactsNavigationController.h; sourceTree = "<group>"; };
		3EDEE46E1AF264310092D6F7 /* IPContactsNavigationController.m */ = {isa = PBXFileReference; fileEncoding = 4; lastKnownFileType = sourcecode.c.objc; path = IPContactsNavigationController.m; sourceTree = "<group>"; };
		3EDEE4701AF265720092D6F7 /* IPDialerViewController.h */ = {isa = PBXFileReference; fileEncoding = 4; lastKnownFileType = sourcecode.c.h; path = IPDialerViewController.h; sourceTree = "<group>"; };
		3EDEE4711AF265720092D6F7 /* IPDialerViewController.m */ = {isa = PBXFileReference; fileEncoding = 4; lastKnownFileType = sourcecode.c.objc; path = IPDialerViewController.m; sourceTree = "<group>"; };
		3EDEE4721AF265720092D6F7 /* IPDialerViewController.xib */ = {isa = PBXFileReference; fileEncoding = 4; lastKnownFileType = file.xib; path = IPDialerViewController.xib; sourceTree = "<group>"; };
		3EDEE4751AF274390092D6F7 /* CoreData.framework */ = {isa = PBXFileReference; lastKnownFileType = wrapper.framework; name = CoreData.framework; path = System/Library/Frameworks/CoreData.framework; sourceTree = SDKROOT; };
		3EDEE4781AF276920092D6F7 /* AppModel.xcdatamodel */ = {isa = PBXFileReference; lastKnownFileType = wrapper.xcdatamodel; path = AppModel.xcdatamodel; sourceTree = "<group>"; };
		3EDEE47A1AF27F660092D6F7 /* IPContact.h */ = {isa = PBXFileReference; fileEncoding = 4; lastKnownFileType = sourcecode.c.h; path = IPContact.h; sourceTree = "<group>"; };
		3EDEE47B1AF27F660092D6F7 /* IPContact.m */ = {isa = PBXFileReference; fileEncoding = 4; lastKnownFileType = sourcecode.c.objc; path = IPContact.m; sourceTree = "<group>"; };
		3EDEE47D1AF27F840092D6F7 /* IPCall.h */ = {isa = PBXFileReference; fileEncoding = 4; lastKnownFileType = sourcecode.c.h; path = IPCall.h; sourceTree = "<group>"; };
		3EDEE47E1AF27F840092D6F7 /* IPCall.m */ = {isa = PBXFileReference; fileEncoding = 4; lastKnownFileType = sourcecode.c.objc; path = IPCall.m; sourceTree = "<group>"; };
/* End PBXFileReference section */

/* Begin PBXFrameworksBuildPhase section */
		3EDEE4221AF2388C0092D6F7 /* Frameworks */ = {
			isa = PBXFrameworksBuildPhase;
			buildActionMask = 2147483647;
			files = (
				3EDEE4761AF274390092D6F7 /* CoreData.framework in Frameworks */,
			);
			runOnlyForDeploymentPostprocessing = 0;
		};
		3EDEE43B1AF2388C0092D6F7 /* Frameworks */ = {
			isa = PBXFrameworksBuildPhase;
			buildActionMask = 2147483647;
			files = (
			);
			runOnlyForDeploymentPostprocessing = 0;
		};
/* End PBXFrameworksBuildPhase section */

/* Begin PBXGroup section */
		3EDEE41C1AF2388C0092D6F7 = {
			isa = PBXGroup;
			children = (
				3EDEE4751AF274390092D6F7 /* CoreData.framework */,
				3EDEE4271AF2388C0092D6F7 /* ios-phone */,
				3EDEE4411AF2388C0092D6F7 /* ios-phoneTests */,
				3EDEE4261AF2388C0092D6F7 /* Products */,
			);
			sourceTree = "<group>";
		};
		3EDEE4261AF2388C0092D6F7 /* Products */ = {
			isa = PBXGroup;
			children = (
				3EDEE4251AF2388C0092D6F7 /* ios-phone.app */,
				3EDEE43E1AF2388C0092D6F7 /* ios-phoneTests.xctest */,
			);
			name = Products;
			sourceTree = "<group>";
		};
		3EDEE4271AF2388C0092D6F7 /* ios-phone */ = {
			isa = PBXGroup;
			children = (
				3EDEE42C1AF2388C0092D6F7 /* IPAppDelegate.h */,
				3EDEE42D1AF2388C0092D6F7 /* IPAppDelegate.m */,
				3EDEE45B1AF25CAB0092D6F7 /* Model */,
				3EDEE4611AF260EF0092D6F7 /* NavigationControllers */,
				3EDEE44E1AF254600092D6F7 /* ViewControllers */,
				3EDEE45A1AF25B5D0092D6F7 /* Views */,
				3EDEE4351AF2388C0092D6F7 /* Images.xcassets */,
				3EDEE44F1AF258930092D6F7 /* XibFiles */,
				3EDEE4281AF2388C0092D6F7 /* Supporting Files */,
			);
			path = "ios-phone";
			sourceTree = "<group>";
		};
		3EDEE4281AF2388C0092D6F7 /* Supporting Files */ = {
			isa = PBXGroup;
			children = (
				3EDEE4291AF2388C0092D6F7 /* Info.plist */,
				3EDEE42A1AF2388C0092D6F7 /* main.m */,
			);
			name = "Supporting Files";
			sourceTree = "<group>";
		};
		3EDEE4411AF2388C0092D6F7 /* ios-phoneTests */ = {
			isa = PBXGroup;
			children = (
				3EDEE4441AF2388C0092D6F7 /* ios_phoneTests.m */,
				3EDEE4421AF2388C0092D6F7 /* Supporting Files */,
			);
			path = "ios-phoneTests";
			sourceTree = "<group>";
		};
		3EDEE4421AF2388C0092D6F7 /* Supporting Files */ = {
			isa = PBXGroup;
			children = (
				3EDEE4431AF2388C0092D6F7 /* Info.plist */,
			);
			name = "Supporting Files";
			sourceTree = "<group>";
		};
		3EDEE44E1AF254600092D6F7 /* ViewControllers */ = {
			isa = PBXGroup;
			children = (
				3EDEE4551AF25AB30092D6F7 /* IPFavoritesTableViewController.h */,
				3EDEE4561AF25AB30092D6F7 /* IPFavoritesTableViewController.m */,
				3EDEE45C1AF25D430092D6F7 /* IPCallsTableViewController.h */,
				3EDEE45D1AF25D430092D6F7 /* IPCallsTableViewController.m */,
				3EDEE4681AF262A60092D6F7 /* IPContactsTableViewController.h */,
				3EDEE4691AF262A60092D6F7 /* IPContactsTableViewController.m */,
				3EDEE4701AF265720092D6F7 /* IPDialerViewController.h */,
				3EDEE4711AF265720092D6F7 /* IPDialerViewController.m */,
			);
			name = ViewControllers;
			sourceTree = "<group>";
		};
		3EDEE44F1AF258930092D6F7 /* XibFiles */ = {
			isa = PBXGroup;
			children = (
				3EDEE4571AF25AB30092D6F7 /* IPFavoritesTableViewController.xib */,
				3EDEE45E1AF25D430092D6F7 /* IPCallsTableViewController.xib */,
				3EDEE46A1AF262A60092D6F7 /* IPContactsTableViewController.xib */,
				3EDEE4721AF265720092D6F7 /* IPDialerViewController.xib */,
				3EDEE4371AF2388C0092D6F7 /* LaunchScreen.xib */,
			);
			name = XibFiles;
			sourceTree = "<group>";
		};
		3EDEE45A1AF25B5D0092D6F7 /* Views */ = {
			isa = PBXGroup;
			children = (
			);
			name = Views;
			sourceTree = "<group>";
		};
		3EDEE45B1AF25CAB0092D6F7 /* Model */ = {
			isa = PBXGroup;
			children = (
				3EDEE4771AF276920092D6F7 /* AppModel.xcdatamodeld */,
				3EDEE47D1AF27F840092D6F7 /* IPCall.h */,
				3EDEE47E1AF27F840092D6F7 /* IPCall.m */,
				3EDEE47A1AF27F660092D6F7 /* IPContact.h */,
				3EDEE47B1AF27F660092D6F7 /* IPContact.m */,
			);
			name = Model;
			sourceTree = "<group>";
		};
		3EDEE4611AF260EF0092D6F7 /* NavigationControllers */ = {
			isa = PBXGroup;
			children = (
				3EDEE4621AF2613B0092D6F7 /* IPFavoritesNavigationController.h */,
				3EDEE4631AF2613B0092D6F7 /* IPFavoritesNavigationController.m */,
				3EDEE4651AF261720092D6F7 /* IPCallsNavigationController.h */,
				3EDEE4661AF261720092D6F7 /* IPCallsNavigationController.m */,
				3EDEE46D1AF264310092D6F7 /* IPContactsNavigationController.h */,
				3EDEE46E1AF264310092D6F7 /* IPContactsNavigationController.m */,
			);
			name = NavigationControllers;
			sourceTree = "<group>";
		};
/* End PBXGroup section */

/* Begin PBXNativeTarget section */
		3EDEE4241AF2388C0092D6F7 /* ios-phone */ = {
			isa = PBXNativeTarget;
			buildConfigurationList = 3EDEE4481AF2388C0092D6F7 /* Build configuration list for PBXNativeTarget "ios-phone" */;
			buildPhases = (
				3EDEE4211AF2388C0092D6F7 /* Sources */,
				3EDEE4221AF2388C0092D6F7 /* Frameworks */,
				3EDEE4231AF2388C0092D6F7 /* Resources */,
			);
			buildRules = (
			);
			dependencies = (
			);
			name = "ios-phone";
			productName = "ios-phone";
			productReference = 3EDEE4251AF2388C0092D6F7 /* ios-phone.app */;
			productType = "com.apple.product-type.application";
		};
		3EDEE43D1AF2388C0092D6F7 /* ios-phoneTests */ = {
			isa = PBXNativeTarget;
			buildConfigurationList = 3EDEE44B1AF2388C0092D6F7 /* Build configuration list for PBXNativeTarget "ios-phoneTests" */;
			buildPhases = (
				3EDEE43A1AF2388C0092D6F7 /* Sources */,
				3EDEE43B1AF2388C0092D6F7 /* Frameworks */,
				3EDEE43C1AF2388C0092D6F7 /* Resources */,
			);
			buildRules = (
			);
			dependencies = (
				3EDEE4401AF2388C0092D6F7 /* PBXTargetDependency */,
			);
			name = "ios-phoneTests";
			productName = "ios-phoneTests";
			productReference = 3EDEE43E1AF2388C0092D6F7 /* ios-phoneTests.xctest */;
			productType = "com.apple.product-type.bundle.unit-test";
		};
/* End PBXNativeTarget section */

/* Begin PBXProject section */
		3EDEE41D1AF2388C0092D6F7 /* Project object */ = {
			isa = PBXProject;
			attributes = {
				LastUpgradeCheck = 0620;
				ORGANIZATIONNAME = "Julien Rollet";
				TargetAttributes = {
					3EDEE4241AF2388C0092D6F7 = {
						CreatedOnToolsVersion = 6.2;
					};
					3EDEE43D1AF2388C0092D6F7 = {
						CreatedOnToolsVersion = 6.2;
						TestTargetID = 3EDEE4241AF2388C0092D6F7;
					};
				};
			};
			buildConfigurationList = 3EDEE4201AF2388C0092D6F7 /* Build configuration list for PBXProject "ios-phone" */;
			compatibilityVersion = "Xcode 3.2";
			developmentRegion = English;
			hasScannedForEncodings = 0;
			knownRegions = (
				en,
				Base,
			);
			mainGroup = 3EDEE41C1AF2388C0092D6F7;
			productRefGroup = 3EDEE4261AF2388C0092D6F7 /* Products */;
			projectDirPath = "";
			projectRoot = "";
			targets = (
				3EDEE4241AF2388C0092D6F7 /* ios-phone */,
				3EDEE43D1AF2388C0092D6F7 /* ios-phoneTests */,
			);
		};
/* End PBXProject section */

/* Begin PBXResourcesBuildPhase section */
		3EDEE4231AF2388C0092D6F7 /* Resources */ = {
			isa = PBXResourcesBuildPhase;
			buildActionMask = 2147483647;
			files = (
				3EDEE46C1AF262A60092D6F7 /* IPContactsTableViewController.xib in Resources */,
				3EDEE4591AF25AB30092D6F7 /* IPFavoritesTableViewController.xib in Resources */,
				3EDEE4391AF2388C0092D6F7 /* LaunchScreen.xib in Resources */,
				3EDEE4601AF25D430092D6F7 /* IPCallsTableViewController.xib in Resources */,
				3EDEE4741AF265720092D6F7 /* IPDialerViewController.xib in Resources */,
				3EDEE4361AF2388C0092D6F7 /* Images.xcassets in Resources */,
			);
			runOnlyForDeploymentPostprocessing = 0;
		};
		3EDEE43C1AF2388C0092D6F7 /* Resources */ = {
			isa = PBXResourcesBuildPhase;
			buildActionMask = 2147483647;
			files = (
			);
			runOnlyForDeploymentPostprocessing = 0;
		};
/* End PBXResourcesBuildPhase section */

/* Begin PBXSourcesBuildPhase section */
		3EDEE4211AF2388C0092D6F7 /* Sources */ = {
			isa = PBXSourcesBuildPhase;
			buildActionMask = 2147483647;
			files = (
				3EDEE4581AF25AB30092D6F7 /* IPFavoritesTableViewController.m in Sources */,
				3EDEE46B1AF262A60092D6F7 /* IPContactsTableViewController.m in Sources */,
				3EDEE4671AF261720092D6F7 /* IPCallsNavigationController.m in Sources */,
				3EDEE42E1AF2388C0092D6F7 /* IPAppDelegate.m in Sources */,
				3EDEE45F1AF25D430092D6F7 /* IPCallsTableViewController.m in Sources */,
				3EDEE47C1AF27F660092D6F7 /* IPContact.m in Sources */,
				3EDEE4641AF2613B0092D6F7 /* IPFavoritesNavigationController.m in Sources */,
				3EDEE4731AF265720092D6F7 /* IPDialerViewController.m in Sources */,
				3EDEE47F1AF27F840092D6F7 /* IPCall.m in Sources */,
				3EDEE46F1AF264310092D6F7 /* IPContactsNavigationController.m in Sources */,
				3EDEE42B1AF2388C0092D6F7 /* main.m in Sources */,
				3EDEE4791AF276920092D6F7 /* AppModel.xcdatamodeld in Sources */,
			);
			runOnlyForDeploymentPostprocessing = 0;
		};
		3EDEE43A1AF2388C0092D6F7 /* Sources */ = {
			isa = PBXSourcesBuildPhase;
			buildActionMask = 2147483647;
			files = (
				3EDEE4451AF2388C0092D6F7 /* ios_phoneTests.m in Sources */,
			);
			runOnlyForDeploymentPostprocessing = 0;
		};
/* End PBXSourcesBuildPhase section */

/* Begin PBXTargetDependency section */
		3EDEE4401AF2388C0092D6F7 /* PBXTargetDependency */ = {
			isa = PBXTargetDependency;
			target = 3EDEE4241AF2388C0092D6F7 /* ios-phone */;
			targetProxy = 3EDEE43F1AF2388C0092D6F7 /* PBXContainerItemProxy */;
		};
/* End PBXTargetDependency section */

/* Begin PBXVariantGroup section */
		3EDEE4371AF2388C0092D6F7 /* LaunchScreen.xib */ = {
			isa = PBXVariantGroup;
			children = (
				3EDEE4381AF2388C0092D6F7 /* Base */,
			);
			name = LaunchScreen.xib;
			sourceTree = "<group>";
		};
/* End PBXVariantGroup section */

/* Begin XCBuildConfiguration section */
		3EDEE4461AF2388C0092D6F7 /* Debug */ = {
			isa = XCBuildConfiguration;
			buildSettings = {
				ALWAYS_SEARCH_USER_PATHS = NO;
				CLANG_CXX_LANGUAGE_STANDARD = "gnu++0x";
				CLANG_CXX_LIBRARY = "libc++";
				CLANG_ENABLE_MODULES = YES;
				CLANG_ENABLE_OBJC_ARC = YES;
				CLANG_WARN_BOOL_CONVERSION = YES;
				CLANG_WARN_CONSTANT_CONVERSION = YES;
				CLANG_WARN_DIRECT_OBJC_ISA_USAGE = YES_ERROR;
				CLANG_WARN_EMPTY_BODY = YES;
				CLANG_WARN_ENUM_CONVERSION = YES;
				CLANG_WARN_INT_CONVERSION = YES;
				CLANG_WARN_OBJC_ROOT_CLASS = YES_ERROR;
				CLANG_WARN_UNREACHABLE_CODE = YES;
				CLANG_WARN__DUPLICATE_METHOD_MATCH = YES;
				"CODE_SIGN_IDENTITY[sdk=iphoneos*]" = "iPhone Developer";
				COPY_PHASE_STRIP = NO;
				ENABLE_STRICT_OBJC_MSGSEND = YES;
				GCC_C_LANGUAGE_STANDARD = gnu99;
				GCC_DYNAMIC_NO_PIC = NO;
				GCC_OPTIMIZATION_LEVEL = 0;
				GCC_PREPROCESSOR_DEFINITIONS = (
					"DEBUG=1",
					"$(inherited)",
				);
				GCC_SYMBOLS_PRIVATE_EXTERN = NO;
				GCC_WARN_64_TO_32_BIT_CONVERSION = YES;
				GCC_WARN_ABOUT_RETURN_TYPE = YES_ERROR;
				GCC_WARN_UNDECLARED_SELECTOR = YES;
				GCC_WARN_UNINITIALIZED_AUTOS = YES_AGGRESSIVE;
				GCC_WARN_UNUSED_FUNCTION = YES;
				GCC_WARN_UNUSED_VARIABLE = YES;
				IPHONEOS_DEPLOYMENT_TARGET = 8.2;
				MTL_ENABLE_DEBUG_INFO = YES;
				ONLY_ACTIVE_ARCH = YES;
				SDKROOT = iphoneos;
			};
			name = Debug;
		};
		3EDEE4471AF2388C0092D6F7 /* Release */ = {
			isa = XCBuildConfiguration;
			buildSettings = {
				ALWAYS_SEARCH_USER_PATHS = NO;
				CLANG_CXX_LANGUAGE_STANDARD = "gnu++0x";
				CLANG_CXX_LIBRARY = "libc++";
				CLANG_ENABLE_MODULES = YES;
				CLANG_ENABLE_OBJC_ARC = YES;
				CLANG_WARN_BOOL_CONVERSION = YES;
				CLANG_WARN_CONSTANT_CONVERSION = YES;
				CLANG_WARN_DIRECT_OBJC_ISA_USAGE = YES_ERROR;
				CLANG_WARN_EMPTY_BODY = YES;
				CLANG_WARN_ENUM_CONVERSION = YES;
				CLANG_WARN_INT_CONVERSION = YES;
				CLANG_WARN_OBJC_ROOT_CLASS = YES_ERROR;
				CLANG_WARN_UNREACHABLE_CODE = YES;
				CLANG_WARN__DUPLICATE_METHOD_MATCH = YES;
				"CODE_SIGN_IDENTITY[sdk=iphoneos*]" = "iPhone Developer";
				COPY_PHASE_STRIP = NO;
				ENABLE_NS_ASSERTIONS = NO;
				ENABLE_STRICT_OBJC_MSGSEND = YES;
				GCC_C_LANGUAGE_STANDARD = gnu99;
				GCC_WARN_64_TO_32_BIT_CONVERSION = YES;
				GCC_WARN_ABOUT_RETURN_TYPE = YES_ERROR;
				GCC_WARN_UNDECLARED_SELECTOR = YES;
				GCC_WARN_UNINITIALIZED_AUTOS = YES_AGGRESSIVE;
				GCC_WARN_UNUSED_FUNCTION = YES;
				GCC_WARN_UNUSED_VARIABLE = YES;
				IPHONEOS_DEPLOYMENT_TARGET = 8.2;
				MTL_ENABLE_DEBUG_INFO = NO;
				SDKROOT = iphoneos;
				VALIDATE_PRODUCT = YES;
			};
			name = Release;
		};
		3EDEE4491AF2388C0092D6F7 /* Debug */ = {
			isa = XCBuildConfiguration;
			buildSettings = {
				ASSETCATALOG_COMPILER_APPICON_NAME = AppIcon;
				INFOPLIST_FILE = "ios-phone/Info.plist";
				LD_RUNPATH_SEARCH_PATHS = "$(inherited) @executable_path/Frameworks";
				PRODUCT_NAME = "$(TARGET_NAME)";
			};
			name = Debug;
		};
		3EDEE44A1AF2388C0092D6F7 /* Release */ = {
			isa = XCBuildConfiguration;
			buildSettings = {
				ASSETCATALOG_COMPILER_APPICON_NAME = AppIcon;
				INFOPLIST_FILE = "ios-phone/Info.plist";
				LD_RUNPATH_SEARCH_PATHS = "$(inherited) @executable_path/Frameworks";
				PRODUCT_NAME = "$(TARGET_NAME)";
			};
			name = Release;
		};
		3EDEE44C1AF2388C0092D6F7 /* Debug */ = {
			isa = XCBuildConfiguration;
			buildSettings = {
				BUNDLE_LOADER = "$(TEST_HOST)";
				FRAMEWORK_SEARCH_PATHS = (
					"$(SDKROOT)/Developer/Library/Frameworks",
					"$(inherited)",
				);
				GCC_PREPROCESSOR_DEFINITIONS = (
					"DEBUG=1",
					"$(inherited)",
				);
				INFOPLIST_FILE = "ios-phoneTests/Info.plist";
				LD_RUNPATH_SEARCH_PATHS = "$(inherited) @executable_path/Frameworks @loader_path/Frameworks";
				PRODUCT_NAME = "$(TARGET_NAME)";
				TEST_HOST = "$(BUILT_PRODUCTS_DIR)/ios-phone.app/ios-phone";
			};
			name = Debug;
		};
		3EDEE44D1AF2388C0092D6F7 /* Release */ = {
			isa = XCBuildConfiguration;
			buildSettings = {
				BUNDLE_LOADER = "$(TEST_HOST)";
				FRAMEWORK_SEARCH_PATHS = (
					"$(SDKROOT)/Developer/Library/Frameworks",
					"$(inherited)",
				);
				INFOPLIST_FILE = "ios-phoneTests/Info.plist";
				LD_RUNPATH_SEARCH_PATHS = "$(inherited) @executable_path/Frameworks @loader_path/Frameworks";
				PRODUCT_NAME = "$(TARGET_NAME)";
				TEST_HOST = "$(BUILT_PRODUCTS_DIR)/ios-phone.app/ios-phone";
			};
			name = Release;
		};
/* End XCBuildConfiguration section */

/* Begin XCConfigurationList section */
		3EDEE4201AF2388C0092D6F7 /* Build configuration list for PBXProject "ios-phone" */ = {
			isa = XCConfigurationList;
			buildConfigurations = (
				3EDEE4461AF2388C0092D6F7 /* Debug */,
				3EDEE4471AF2388C0092D6F7 /* Release */,
			);
			defaultConfigurationIsVisible = 0;
			defaultConfigurationName = Release;
		};
		3EDEE4481AF2388C0092D6F7 /* Build configuration list for PBXNativeTarget "ios-phone" */ = {
			isa = XCConfigurationList;
			buildConfigurations = (
				3EDEE4491AF2388C0092D6F7 /* Debug */,
				3EDEE44A1AF2388C0092D6F7 /* Release */,
			);
			defaultConfigurationIsVisible = 0;
		};
		3EDEE44B1AF2388C0092D6F7 /* Build configuration list for PBXNativeTarget "ios-phoneTests" */ = {
			isa = XCConfigurationList;
			buildConfigurations = (
				3EDEE44C1AF2388C0092D6F7 /* Debug */,
				3EDEE44D1AF2388C0092D6F7 /* Release */,
			);
			defaultConfigurationIsVisible = 0;
		};
/* End XCConfigurationList section */

/* Begin XCVersionGroup section */
		3EDEE4771AF276920092D6F7 /* AppModel.xcdatamodeld */ = {
			isa = XCVersionGroup;
			children = (
				3EDEE4781AF276920092D6F7 /* AppModel.xcdatamodel */,
			);
			currentVersion = 3EDEE4781AF276920092D6F7 /* AppModel.xcdatamodel */;
			path = AppModel.xcdatamodeld;
			sourceTree = "<group>";
			versionGroupType = wrapper.xcdatamodel;
		};
/* End XCVersionGroup section */
	};
	rootObject = 3EDEE41D1AF2388C0092D6F7 /* Project object */;
}
